
Microsoft Visual Studio Solution File, Format Version 12.00
# Visual Studio Version 16
VisualStudioVersion = 16.0.32602.291
MinimumVisualStudioVersion = 10.0.40219.1
Project("{FAE04EC0-301F-11D3-BF4B-00C04F79EFBC}") = "WpfApp17_1", "WpfApp17_1\WpfApp17_1.csproj", "{9884F23A-E4ED-4A03-9083-78D3C575A38D}"
EndProject
Global
	GlobalSection(SolutionConfigurationPlatforms) = preSolution
		Debug|Any CPU = Debug|Any CPU
		Release|Any CPU = Release|Any CPU
	EndGlobalSection
	GlobalSection(ProjectConfigurationPlatforms) = postSolution
		{9884F23A-E4ED-4A03-9083-78D3C575A38D}.Debug|Any CPU.ActiveCfg = Debug|Any CPU
		{9884F23A-E4ED-4A03-9083-78D3C575A38D}.Debug|Any CPU.Build.0 = Debug|Any CPU
		{9884F23A-E4ED-4A03-9083-78D3C575A38D}.Release|Any CPU.ActiveCfg = Release|Any CPU
		{9884F23A-E4ED-4A03-9083-78D3C575A38D}.Release|Any CPU.Build.0 = Release|Any CPU
	EndGlobalSection
	GlobalSection(SolutionProperties) = preSolution
		HideSolutionNode = FALSE
	EndGlobalSection
	GlobalSection(ExtensibilityGlobals) = postSolution
		SolutionGuid = {779FEB04-66C2-466C-97F7-906422791238}
	EndGlobalSection
EndGlobal
